{
    "_readme": [
        "This file locks the dependencies of your project to a known state",
        "Read more about it at https://getcomposer.org/doc/01-basic-usage.md#installing-dependencies",
        "This file is @generated automatically"
    ],
    "content-hash": "b1cf48f6d4f99e3edca0b97f97abf683",
    "packages": [],
    "packages-dev": [],
    "aliases": [],
    "minimum-stability": "dev",
    "stability-flags": [],
    "prefer-stable": true,
    "prefer-lowest": false,
    "platform": {
        "php": "^7.0 || ^7.1 || ^7.2 || ^7.3 || ^7.4|^8.0"
    },
    "platform-dev": [],
    "plugin-api-version": "2.6.0"
}
